{
  "name": "express_server",
  "version": "1.0.0",
  "lockfileVersion": 1,
  "requires": true,
  "dependencies": {
    "postgres-js": {
      "version": "0.1.0",
      "resolved": "https://registry.npmjs.org/postgres-js/-/postgres-js-0.1.0.tgz",
      "integrity": "sha1-ODqHImc2Jl9OOUs9hKkOVSbMdwo=",
      "requires": {
        "strtok": "0.1.1"
      }
    },
    "strtok": {
      "version": "0.1.1",
      "resolved": "https://registry.npmjs.org/strtok/-/strtok-0.1.1.tgz",
      "integrity": "sha1-Wfks8sbUpev+JO2lzTo7BnajS74="
    }
  }
}
